
Microsoft Visual Studio Solution File, Format Version 12.00
# Visual Studio 2017
Project("{FAE04EC0-301F-11D3-BF4B-00C04F79EFBC}") = "GYM_Rocamora", "GYM_Rocamora.csproj", "{EEF03307-D539-4D07-B8EB-7CD32AFF2ECD}"
EndProject
Global
	GlobalSection(SolutionConfigurationPlatforms) = preSolution
		Debug|Any CPU = Debug|Any CPU
		Release|Any CPU = Release|Any CPU
	EndGlobalSection
	GlobalSection(ProjectConfigurationPlatforms) = postSolution
		{EEF03307-D539-4D07-B8EB-7CD32AFF2ECD}.Debug|Any CPU.ActiveCfg = Debug|Any CPU
		{EEF03307-D539-4D07-B8EB-7CD32AFF2ECD}.Debug|Any CPU.Build.0 = Debug|Any CPU
		{EEF03307-D539-4D07-B8EB-7CD32AFF2ECD}.Release|Any CPU.ActiveCfg = Release|Any CPU
		{EEF03307-D539-4D07-B8EB-7CD32AFF2ECD}.Release|Any CPU.Build.0 = Release|Any CPU
	EndGlobalSection
EndGlobal
